
Microsoft Visual Studio Solution File, Format Version 12.00
# Visual Studio Version 16
VisualStudioVersion = 16.0.31112.23
MinimumVisualStudioVersion = 10.0.40219.1
Project("{FAE04EC0-301F-11D3-BF4B-00C04F79EFBC}") = "Documented.Api", "Documented.Api\Documented.Api.csproj", "{7C884A3A-41B8-4DF1-B636-557295F83408}"
EndProject
Global
	GlobalSection(SolutionConfigurationPlatforms) = preSolution
		Debug|Any CPU = Debug|Any CPU
		Release|Any CPU = Release|Any CPU
	EndGlobalSection
	GlobalSection(ProjectConfigurationPlatforms) = postSolution
		{7C884A3A-41B8-4DF1-B636-557295F83408}.Debug|Any CPU.ActiveCfg = Debug|Any CPU
		{7C884A3A-41B8-4DF1-B636-557295F83408}.Debug|Any CPU.Build.0 = Debug|Any CPU
		{7C884A3A-41B8-4DF1-B636-557295F83408}.Release|Any CPU.ActiveCfg = Release|Any CPU
		{7C884A3A-41B8-4DF1-B636-557295F83408}.Release|Any CPU.Build.0 = Release|Any CPU
	EndGlobalSection
	GlobalSection(SolutionProperties) = preSolution
		HideSolutionNode = FALSE
	EndGlobalSection
	GlobalSection(ExtensibilityGlobals) = postSolution
		SolutionGuid = {56923BDE-A2C3-4178-ABBC-03E5D24A370B}
	EndGlobalSection
EndGlobal
